
Microsoft Visual Studio Solution File, Format Version 12.00
# Visual Studio Version 16
VisualStudioVersion = 16.0.29613.14
MinimumVisualStudioVersion = 10.0.40219.1
Project("{FAE04EC0-301F-11D3-BF4B-00C04F79EFBC}") = "SHA-ZAM Alogorithm", "SHA-ZAM Alogorithm\SHA-ZAM Alogorithm.csproj", "{A18F89D4-5F7E-4A5D-8634-FE5BE54D61DF}"
EndProject
Global
	GlobalSection(SolutionConfigurationPlatforms) = preSolution
		Debug|Any CPU = Debug|Any CPU
		Release|Any CPU = Release|Any CPU
	EndGlobalSection
	GlobalSection(ProjectConfigurationPlatforms) = postSolution
		{A18F89D4-5F7E-4A5D-8634-FE5BE54D61DF}.Debug|Any CPU.ActiveCfg = Debug|Any CPU
		{A18F89D4-5F7E-4A5D-8634-FE5BE54D61DF}.Debug|Any CPU.Build.0 = Debug|Any CPU
		{A18F89D4-5F7E-4A5D-8634-FE5BE54D61DF}.Release|Any CPU.ActiveCfg = Release|Any CPU
		{A18F89D4-5F7E-4A5D-8634-FE5BE54D61DF}.Release|Any CPU.Build.0 = Release|Any CPU
	EndGlobalSection
	GlobalSection(SolutionProperties) = preSolution
		HideSolutionNode = FALSE
	EndGlobalSection
	GlobalSection(ExtensibilityGlobals) = postSolution
		SolutionGuid = {DF42F204-83B7-4F94-A9C1-0B2708058703}
	EndGlobalSection
EndGlobal
